
Microsoft Visual Studio Solution File, Format Version 12.00
# Visual Studio Version 16
VisualStudioVersion = 16.0.32002.261
MinimumVisualStudioVersion = 10.0.40219.1
Project("{FAE04EC0-301F-11D3-BF4B-00C04F79EFBC}") = "DaMovies", "DaMovies\DaMovies.csproj", "{BF19DA05-90E2-49B9-9486-690C76FBEB53}"
EndProject
Global
	GlobalSection(SolutionConfigurationPlatforms) = preSolution
		Debug|Any CPU = Debug|Any CPU
		Release|Any CPU = Release|Any CPU
	EndGlobalSection
	GlobalSection(ProjectConfigurationPlatforms) = postSolution
		{BF19DA05-90E2-49B9-9486-690C76FBEB53}.Debug|Any CPU.ActiveCfg = Debug|Any CPU
		{BF19DA05-90E2-49B9-9486-690C76FBEB53}.Debug|Any CPU.Build.0 = Debug|Any CPU
		{BF19DA05-90E2-49B9-9486-690C76FBEB53}.Release|Any CPU.ActiveCfg = Release|Any CPU
		{BF19DA05-90E2-49B9-9486-690C76FBEB53}.Release|Any CPU.Build.0 = Release|Any CPU
	EndGlobalSection
	GlobalSection(SolutionProperties) = preSolution
		HideSolutionNode = FALSE
	EndGlobalSection
	GlobalSection(ExtensibilityGlobals) = postSolution
		SolutionGuid = {187600B0-5461-43BD-B940-3B66E29C9B76}
	EndGlobalSection
EndGlobal
